
Microsoft Visual Studio Solution File, Format Version 12.00
# Visual Studio 15
VisualStudioVersion = 15.0.27004.2002
MinimumVisualStudioVersion = 10.0.40219.1
Project("{FAE04EC0-301F-11D3-BF4B-00C04F79EFBC}") = "WeatherForToday", "WeatherForToday\WeatherForToday.csproj", "{6F0B225F-AC42-474F-8713-8D896C64BA3F}"
EndProject
Global
	GlobalSection(SolutionConfigurationPlatforms) = preSolution
		Debug|Any CPU = Debug|Any CPU
		Release|Any CPU = Release|Any CPU
	EndGlobalSection
	GlobalSection(ProjectConfigurationPlatforms) = postSolution
		{6F0B225F-AC42-474F-8713-8D896C64BA3F}.Debug|Any CPU.ActiveCfg = Debug|Any CPU
		{6F0B225F-AC42-474F-8713-8D896C64BA3F}.Debug|Any CPU.Build.0 = Debug|Any CPU
		{6F0B225F-AC42-474F-8713-8D896C64BA3F}.Release|Any CPU.ActiveCfg = Release|Any CPU
		{6F0B225F-AC42-474F-8713-8D896C64BA3F}.Release|Any CPU.Build.0 = Release|Any CPU
	EndGlobalSection
	GlobalSection(SolutionProperties) = preSolution
		HideSolutionNode = FALSE
	EndGlobalSection
	GlobalSection(ExtensibilityGlobals) = postSolution
		SolutionGuid = {7DDD9A57-D8D7-422C-A9C8-70C53E230CEC}
	EndGlobalSection
EndGlobal
